
Microsoft Visual Studio Solution File, Format Version 12.00
# Visual Studio Version 17
VisualStudioVersion = 17.4.33213.308
MinimumVisualStudioVersion = 10.0.40219.1
Project("{FAE04EC0-301F-11D3-BF4B-00C04F79EFBC}") = "PushApp.Android", "PushApp\PushApp.Android\PushApp.Android.csproj", "{1B4E8D81-B59D-43E1-A8C6-56CE2BE2DCC7}"
EndProject
Project("{FAE04EC0-301F-11D3-BF4B-00C04F79EFBC}") = "PushApp", "PushApp\PushApp\PushApp.csproj", "{2462BC1E-0976-4104-9263-D6C5A71D71AD}"
EndProject
Global
	GlobalSection(SolutionConfigurationPlatforms) = preSolution
		Debug|Any CPU = Debug|Any CPU
		Release|Any CPU = Release|Any CPU
	EndGlobalSection
	GlobalSection(ProjectConfigurationPlatforms) = postSolution
		{1B4E8D81-B59D-43E1-A8C6-56CE2BE2DCC7}.Debug|Any CPU.ActiveCfg = Debug|Any CPU
		{1B4E8D81-B59D-43E1-A8C6-56CE2BE2DCC7}.Debug|Any CPU.Build.0 = Debug|Any CPU
		{1B4E8D81-B59D-43E1-A8C6-56CE2BE2DCC7}.Debug|Any CPU.Deploy.0 = Debug|Any CPU
		{1B4E8D81-B59D-43E1-A8C6-56CE2BE2DCC7}.Release|Any CPU.ActiveCfg = Release|Any CPU
		{1B4E8D81-B59D-43E1-A8C6-56CE2BE2DCC7}.Release|Any CPU.Build.0 = Release|Any CPU
		{1B4E8D81-B59D-43E1-A8C6-56CE2BE2DCC7}.Release|Any CPU.Deploy.0 = Release|Any CPU
		{2462BC1E-0976-4104-9263-D6C5A71D71AD}.Debug|Any CPU.ActiveCfg = Debug|Any CPU
		{2462BC1E-0976-4104-9263-D6C5A71D71AD}.Debug|Any CPU.Build.0 = Debug|Any CPU
		{2462BC1E-0976-4104-9263-D6C5A71D71AD}.Debug|Any CPU.Deploy.0 = Debug|Any CPU
		{2462BC1E-0976-4104-9263-D6C5A71D71AD}.Release|Any CPU.ActiveCfg = Release|Any CPU
		{2462BC1E-0976-4104-9263-D6C5A71D71AD}.Release|Any CPU.Build.0 = Release|Any CPU
		{2462BC1E-0976-4104-9263-D6C5A71D71AD}.Release|Any CPU.Deploy.0 = Release|Any CPU
	EndGlobalSection
	GlobalSection(SolutionProperties) = preSolution
		HideSolutionNode = FALSE
	EndGlobalSection
	GlobalSection(ExtensibilityGlobals) = postSolution
		SolutionGuid = {9D8FEF49-E064-4583-800D-B979E6D2720D}
	EndGlobalSection
EndGlobal
